{
  "name": "ts-workspace",
  "version": "1.0.0",
  "lockfileVersion": 3,
  "requires": true,
  "packages": {
    "": {
      "name": "ts-workspace",
      "version": "1.0.0",
      "license": "ISC",
      "workspaces": [
        "apps/*",
        "packages/*"
      ]
    },
    "node_modules/templates": {
      "resolved": "packages/templates",
      "link": true
    },
    "packages/templates": {
      "version": "1.0.0",
      "license": "ISC"
    }
  }
}
